
Microsoft Visual Studio Solution File, Format Version 12.00
# Visual Studio Version 17
VisualStudioVersion = 17.0.31903.59
MinimumVisualStudioVersion = 10.0.40219.1
Project("{FAE04EC0-301F-11D3-BF4B-00C04F79EFBC}") = "Qase.ApiClient.V1", "Qase.ApiClient.V1\Qase.ApiClient.V1.csproj", "{43578065-6B9A-45B3-A269-8E096BF69065}"
EndProject
Project("{FAE04EC0-301F-11D3-BF4B-00C04F79EFBC}") = "Qase.ApiClient.V2", "Qase.ApiClient.V2\Qase.ApiClient.V2.csproj", "{3A5141AD-888E-4E97-9F9F-F4D064D8D7C9}"
EndProject
Project("{FAE04EC0-301F-11D3-BF4B-00C04F79EFBC}") = "Qase.Csharp.Commons", "Qase.Csharp.Commons\Qase.Csharp.Commons.csproj", "{5973E152-5947-4C58-B00D-B69C25B6C0E3}"
EndProject
Project("{FAE04EC0-301F-11D3-BF4B-00C04F79EFBC}") = "Qase.XUnit.Reporter", "Qase.XUnit.Reporter\Qase.XUnit.Reporter.csproj", "{B6DCEF38-B693-4F8E-9C82-E8AF9AF365F5}"
EndProject
Project("{FAE04EC0-301F-11D3-BF4B-00C04F79EFBC}") = "Qase.Csharp.Commons.Tests", "Qase.Csharp.Commons.Tests\Qase.Csharp.Commons.Tests.csproj", "{A83A2D1E-D709-463B-8FBF-5F759333F197}"
EndProject
Project("{FAE04EC0-301F-11D3-BF4B-00C04F79EFBC}") = "Qase.NUnit.Reporter", "Qase.NUnit.Reporter\Qase.NUnit.Reporter.csproj", "{97040CB0-753D-48BB-87BA-201F67160CA9}"
EndProject
Project("{FAE04EC0-301F-11D3-BF4B-00C04F79EFBC}") = "Qase.NUnit.Reporter.Tests", "Qase.NUnit.Reporter.Tests\Qase.NUnit.Reporter.Tests.csproj", "{6A4A2356-E41C-440C-859B-C7632AB4ABC5}"
EndProject
Project("{FAE04EC0-301F-11D3-BF4B-00C04F79EFBC}") = "Qase.XUnit.Reporter.Tests", "Qase.XUnit.Reporter.Tests\Qase.XUnit.Reporter.Tests.csproj", "{A19B3C29-CD5D-4D32-8133-A92803E4081D}"
EndProject
Global
	GlobalSection(SolutionConfigurationPlatforms) = preSolution
		Debug|Any CPU = Debug|Any CPU
		Debug|x64 = Debug|x64
		Debug|x86 = Debug|x86
		Release|Any CPU = Release|Any CPU
		Release|x64 = Release|x64
		Release|x86 = Release|x86
	EndGlobalSection
	GlobalSection(ProjectConfigurationPlatforms) = postSolution
		{43578065-6B9A-45B3-A269-8E096BF69065}.Debug|Any CPU.ActiveCfg = Debug|Any CPU
		{43578065-6B9A-45B3-A269-8E096BF69065}.Debug|Any CPU.Build.0 = Debug|Any CPU
		{43578065-6B9A-45B3-A269-8E096BF69065}.Debug|x64.ActiveCfg = Debug|Any CPU
		{43578065-6B9A-45B3-A269-8E096BF69065}.Debug|x64.Build.0 = Debug|Any CPU
		{43578065-6B9A-45B3-A269-8E096BF69065}.Debug|x86.ActiveCfg = Debug|Any CPU
		{43578065-6B9A-45B3-A269-8E096BF69065}.Debug|x86.Build.0 = Debug|Any CPU
		{43578065-6B9A-45B3-A269-8E096BF69065}.Release|Any CPU.ActiveCfg = Release|Any CPU
		{43578065-6B9A-45B3-A269-8E096BF69065}.Release|Any CPU.Build.0 = Release|Any CPU
		{43578065-6B9A-45B3-A269-8E096BF69065}.Release|x64.ActiveCfg = Release|Any CPU
		{43578065-6B9A-45B3-A269-8E096BF69065}.Release|x64.Build.0 = Release|Any CPU
		{43578065-6B9A-45B3-A269-8E096BF69065}.Release|x86.ActiveCfg = Release|Any CPU
		{43578065-6B9A-45B3-A269-8E096BF69065}.Release|x86.Build.0 = Release|Any CPU
		{3A5141AD-888E-4E97-9F9F-F4D064D8D7C9}.Debug|Any CPU.ActiveCfg = Debug|Any CPU
		{3A5141AD-888E-4E97-9F9F-F4D064D8D7C9}.Debug|Any CPU.Build.0 = Debug|Any CPU
		{3A5141AD-888E-4E97-9F9F-F4D064D8D7C9}.Debug|x64.ActiveCfg = Debug|Any CPU
		{3A5141AD-888E-4E97-9F9F-F4D064D8D7C9}.Debug|x64.Build.0 = Debug|Any CPU
		{3A5141AD-888E-4E97-9F9F-F4D064D8D7C9}.Debug|x86.ActiveCfg = Debug|Any CPU
		{3A5141AD-888E-4E97-9F9F-F4D064D8D7C9}.Debug|x86.Build.0 = Debug|Any CPU
		{3A5141AD-888E-4E97-9F9F-F4D064D8D7C9}.Release|Any CPU.ActiveCfg = Release|Any CPU
		{3A5141AD-888E-4E97-9F9F-F4D064D8D7C9}.Release|Any CPU.Build.0 = Release|Any CPU
		{3A5141AD-888E-4E97-9F9F-F4D064D8D7C9}.Release|x64.ActiveCfg = Release|Any CPU
		{3A5141AD-888E-4E97-9F9F-F4D064D8D7C9}.Release|x64.Build.0 = Release|Any CPU
		{3A5141AD-888E-4E97-9F9F-F4D064D8D7C9}.Release|x86.ActiveCfg = Release|Any CPU
		{3A5141AD-888E-4E97-9F9F-F4D064D8D7C9}.Release|x86.Build.0 = Release|Any CPU
		{5973E152-5947-4C58-B00D-B69C25B6C0E3}.Debug|Any CPU.ActiveCfg = Debug|Any CPU
		{5973E152-5947-4C58-B00D-B69C25B6C0E3}.Debug|Any CPU.Build.0 = Debug|Any CPU
		{5973E152-5947-4C58-B00D-B69C25B6C0E3}.Debug|x64.ActiveCfg = Debug|Any CPU
		{5973E152-5947-4C58-B00D-B69C25B6C0E3}.Debug|x64.Build.0 = Debug|Any CPU
		{5973E152-5947-4C58-B00D-B69C25B6C0E3}.Debug|x86.ActiveCfg = Debug|Any CPU
		{5973E152-5947-4C58-B00D-B69C25B6C0E3}.Debug|x86.Build.0 = Debug|Any CPU
		{5973E152-5947-4C58-B00D-B69C25B6C0E3}.Release|Any CPU.ActiveCfg = Release|Any CPU
		{5973E152-5947-4C58-B00D-B69C25B6C0E3}.Release|Any CPU.Build.0 = Release|Any CPU
		{5973E152-5947-4C58-B00D-B69C25B6C0E3}.Release|x64.ActiveCfg = Release|Any CPU
		{5973E152-5947-4C58-B00D-B69C25B6C0E3}.Release|x64.Build.0 = Release|Any CPU
		{5973E152-5947-4C58-B00D-B69C25B6C0E3}.Release|x86.ActiveCfg = Release|Any CPU
		{5973E152-5947-4C58-B00D-B69C25B6C0E3}.Release|x86.Build.0 = Release|Any CPU
		{B6DCEF38-B693-4F8E-9C82-E8AF9AF365F5}.Debug|Any CPU.ActiveCfg = Debug|Any CPU
		{B6DCEF38-B693-4F8E-9C82-E8AF9AF365F5}.Debug|Any CPU.Build.0 = Debug|Any CPU
		{B6DCEF38-B693-4F8E-9C82-E8AF9AF365F5}.Debug|x64.ActiveCfg = Debug|Any CPU
		{B6DCEF38-B693-4F8E-9C82-E8AF9AF365F5}.Debug|x64.Build.0 = Debug|Any CPU
		{B6DCEF38-B693-4F8E-9C82-E8AF9AF365F5}.Debug|x86.ActiveCfg = Debug|Any CPU
		{B6DCEF38-B693-4F8E-9C82-E8AF9AF365F5}.Debug|x86.Build.0 = Debug|Any CPU
		{B6DCEF38-B693-4F8E-9C82-E8AF9AF365F5}.Release|Any CPU.ActiveCfg = Release|Any CPU
		{B6DCEF38-B693-4F8E-9C82-E8AF9AF365F5}.Release|Any CPU.Build.0 = Release|Any CPU
		{B6DCEF38-B693-4F8E-9C82-E8AF9AF365F5}.Release|x64.ActiveCfg = Release|Any CPU
		{B6DCEF38-B693-4F8E-9C82-E8AF9AF365F5}.Release|x64.Build.0 = Release|Any CPU
		{B6DCEF38-B693-4F8E-9C82-E8AF9AF365F5}.Release|x86.ActiveCfg = Release|Any CPU
		{B6DCEF38-B693-4F8E-9C82-E8AF9AF365F5}.Release|x86.Build.0 = Release|Any CPU
		{A83A2D1E-D709-463B-8FBF-5F759333F197}.Debug|Any CPU.ActiveCfg = Debug|Any CPU
		{A83A2D1E-D709-463B-8FBF-5F759333F197}.Debug|Any CPU.Build.0 = Debug|Any CPU
		{A83A2D1E-D709-463B-8FBF-5F759333F197}.Debug|x64.ActiveCfg = Debug|Any CPU
		{A83A2D1E-D709-463B-8FBF-5F759333F197}.Debug|x64.Build.0 = Debug|Any CPU
		{A83A2D1E-D709-463B-8FBF-5F759333F197}.Debug|x86.ActiveCfg = Debug|Any CPU
		{A83A2D1E-D709-463B-8FBF-5F759333F197}.Debug|x86.Build.0 = Debug|Any CPU
		{A83A2D1E-D709-463B-8FBF-5F759333F197}.Release|Any CPU.ActiveCfg = Release|Any CPU
		{A83A2D1E-D709-463B-8FBF-5F759333F197}.Release|Any CPU.Build.0 = Release|Any CPU
		{A83A2D1E-D709-463B-8FBF-5F759333F197}.Release|x64.ActiveCfg = Release|Any CPU
		{A83A2D1E-D709-463B-8FBF-5F759333F197}.Release|x64.Build.0 = Release|Any CPU
		{A83A2D1E-D709-463B-8FBF-5F759333F197}.Release|x86.ActiveCfg = Release|Any CPU
		{A83A2D1E-D709-463B-8FBF-5F759333F197}.Release|x86.Build.0 = Release|Any CPU
		{97040CB0-753D-48BB-87BA-201F67160CA9}.Debug|Any CPU.ActiveCfg = Debug|Any CPU
		{97040CB0-753D-48BB-87BA-201F67160CA9}.Debug|Any CPU.Build.0 = Debug|Any CPU
		{97040CB0-753D-48BB-87BA-201F67160CA9}.Debug|x64.ActiveCfg = Debug|Any CPU
		{97040CB0-753D-48BB-87BA-201F67160CA9}.Debug|x64.Build.0 = Debug|Any CPU
		{97040CB0-753D-48BB-87BA-201F67160CA9}.Debug|x86.ActiveCfg = Debug|Any CPU
		{97040CB0-753D-48BB-87BA-201F67160CA9}.Debug|x86.Build.0 = Debug|Any CPU
		{97040CB0-753D-48BB-87BA-201F67160CA9}.Release|Any CPU.ActiveCfg = Release|Any CPU
		{97040CB0-753D-48BB-87BA-201F67160CA9}.Release|Any CPU.Build.0 = Release|Any CPU
		{97040CB0-753D-48BB-87BA-201F67160CA9}.Release|x64.ActiveCfg = Release|Any CPU
		{97040CB0-753D-48BB-87BA-201F67160CA9}.Release|x64.Build.0 = Release|Any CPU
		{97040CB0-753D-48BB-87BA-201F67160CA9}.Release|x86.ActiveCfg = Release|Any CPU
		{97040CB0-753D-48BB-87BA-201F67160CA9}.Release|x86.Build.0 = Release|Any CPU
		{6A4A2356-E41C-440C-859B-C7632AB4ABC5}.Debug|Any CPU.ActiveCfg = Debug|Any CPU
		{6A4A2356-E41C-440C-859B-C7632AB4ABC5}.Debug|Any CPU.Build.0 = Debug|Any CPU
		{6A4A2356-E41C-440C-859B-C7632AB4ABC5}.Debug|x64.ActiveCfg = Debug|Any CPU
		{6A4A2356-E41C-440C-859B-C7632AB4ABC5}.Debug|x64.Build.0 = Debug|Any CPU
		{6A4A2356-E41C-440C-859B-C7632AB4ABC5}.Debug|x86.ActiveCfg = Debug|Any CPU
		{6A4A2356-E41C-440C-859B-C7632AB4ABC5}.Debug|x86.Build.0 = Debug|Any CPU
		{6A4A2356-E41C-440C-859B-C7632AB4ABC5}.Release|Any CPU.ActiveCfg = Release|Any CPU
		{6A4A2356-E41C-440C-859B-C7632AB4ABC5}.Release|Any CPU.Build.0 = Release|Any CPU
		{6A4A2356-E41C-440C-859B-C7632AB4ABC5}.Release|x64.ActiveCfg = Release|Any CPU
		{6A4A2356-E41C-440C-859B-C7632AB4ABC5}.Release|x64.Build.0 = Release|Any CPU
		{6A4A2356-E41C-440C-859B-C7632AB4ABC5}.Release|x86.ActiveCfg = Release|Any CPU
		{6A4A2356-E41C-440C-859B-C7632AB4ABC5}.Release|x86.Build.0 = Release|Any CPU
		{A19B3C29-CD5D-4D32-8133-A92803E4081D}.Debug|Any CPU.ActiveCfg = Debug|Any CPU
		{A19B3C29-CD5D-4D32-8133-A92803E4081D}.Debug|Any CPU.Build.0 = Debug|Any CPU
		{A19B3C29-CD5D-4D32-8133-A92803E4081D}.Debug|x64.ActiveCfg = Debug|Any CPU
		{A19B3C29-CD5D-4D32-8133-A92803E4081D}.Debug|x64.Build.0 = Debug|Any CPU
		{A19B3C29-CD5D-4D32-8133-A92803E4081D}.Debug|x86.ActiveCfg = Debug|Any CPU
		{A19B3C29-CD5D-4D32-8133-A92803E4081D}.Debug|x86.Build.0 = Debug|Any CPU
		{A19B3C29-CD5D-4D32-8133-A92803E4081D}.Release|Any CPU.ActiveCfg = Release|Any CPU
		{A19B3C29-CD5D-4D32-8133-A92803E4081D}.Release|Any CPU.Build.0 = Release|Any CPU
		{A19B3C29-CD5D-4D32-8133-A92803E4081D}.Release|x64.ActiveCfg = Release|Any CPU
		{A19B3C29-CD5D-4D32-8133-A92803E4081D}.Release|x64.Build.0 = Release|Any CPU
		{A19B3C29-CD5D-4D32-8133-A92803E4081D}.Release|x86.ActiveCfg = Release|Any CPU
		{A19B3C29-CD5D-4D32-8133-A92803E4081D}.Release|x86.Build.0 = Release|Any CPU
	EndGlobalSection
	GlobalSection(SolutionProperties) = preSolution
		HideSolutionNode = FALSE
	EndGlobalSection
EndGlobal
